// !$*UTF8*$!
{
	archiveVersion = 1;
	classes = {
	};
	objectVersion = 56;
	objects = {

/* Begin PBXBuildFile section */
		D9D97F1C2A1EA0BE001C87CD /* AppDelegate.swift in Sources */ = {isa = PBXBuildFile; fileRef = D9D97F1B2A1EA0BE001C87CD /* AppDelegate.swift */; };
		D9D97F1E2A1EA0BE001C87CD /* SceneDelegate.swift in Sources */ = {isa = PBXBuildFile; fileRef = D9D97F1D2A1EA0BE001C87CD /* SceneDelegate.swift */; };
		D9D97F202A1EA0BE001C87CD /* ViewController.swift in Sources */ = {isa = PBXBuildFile; fileRef = D9D97F1F2A1EA0BE001C87CD /* ViewController.swift */; };
		D9D97F232A1EA0BE001C87CD /* Main.storyboard in Resources */ = {isa = PBXBuildFile; fileRef = D9D97F212A1EA0BE001C87CD /* Main.storyboard */; };
		D9D97F262A1EA0BE001C87CD /* CoreDataTutorial.xcdatamodeld in Sources */ = {isa = PBXBuildFile; fileRef = D9D97F242A1EA0BE001C87CD /* CoreDataTutorial.xcdatamodeld */; };
		D9D97F282A1EA0BF001C87CD /* Assets.xcassets in Resources */ = {isa = PBXBuildFile; fileRef = D9D97F272A1EA0BF001C87CD /* Assets.xcassets */; };
		D9D97F2B2A1EA0BF001C87CD /* LaunchScreen.storyboard in Resources */ = {isa = PBXBuildFile; fileRef = D9D97F292A1EA0BF001C87CD /* LaunchScreen.storyboard */; };
		D9D97F362A1EA0BF001C87CD /* CoreDataTutorialTests.swift in Sources */ = {isa = PBXBuildFile; fileRef = D9D97F352A1EA0BF001C87CD /* CoreDataTutorialTests.swift */; };
		D9D97F402A1EA0BF001C87CD /* CoreDataTutorialUITests.swift in Sources */ = {isa = PBXBuildFile; fileRef = D9D97F3F2A1EA0BF001C87CD /* CoreDataTutorialUITests.swift */; };
		D9D97F422A1EA0BF001C87CD /* CoreDataTutorialUITestsLaunchTests.swift in Sources */ = {isa = PBXBuildFile; fileRef = D9D97F412A1EA0BF001C87CD /* CoreDataTutorialUITestsLaunchTests.swift */; };
		D9D97F502A1FD297001C87CD /* ToDoListItem+CoreDataClass.swift in Sources */ = {isa = PBXBuildFile; fileRef = D9D97F4E2A1FD297001C87CD /* ToDoListItem+CoreDataClass.swift */; };
		D9D97F512A1FD297001C87CD /* ToDoListItem+CoreDataProperties.swift in Sources */ = {isa = PBXBuildFile; fileRef = D9D97F4F2A1FD297001C87CD /* ToDoListItem+CoreDataProperties.swift */; };
/* End PBXBuildFile section */

/* Begin PBXContainerItemProxy section */
		D9D97F322A1EA0BF001C87CD /* PBXContainerItemProxy */ = {
			isa = PBXContainerItemProxy;
			containerPortal = D9D97F102A1EA0BE001C87CD /* Project object */;
			proxyType = 1;
			remoteGlobalIDString = D9D97F172A1EA0BE001C87CD;
			remoteInfo = CoreDataTutorial;
		};
		D9D97F3C2A1EA0BF001C87CD /* PBXContainerItemProxy */ = {
			isa = PBXContainerItemProxy;
			containerPortal = D9D97F102A1EA0BE001C87CD /* Project object */;
			proxyType = 1;
			remoteGlobalIDString = D9D97F172A1EA0BE001C87CD;
			remoteInfo = CoreDataTutorial;
		};
/* End PBXContainerItemProxy section */

/* Begin PBXFileReference section */
		D9D97F182A1EA0BE001C87CD /* CoreDataTutorial.app */ = {isa = PBXFileReference; explicitFileType = wrapper.application; includeInIndex = 0; path = CoreDataTutorial.app; sourceTree = BUILT_PRODUCTS_DIR; };
		D9D97F1B2A1EA0BE001C87CD /* AppDelegate.swift */ = {isa = PBXFileReference; lastKnownFileType = sourcecode.swift; path = AppDelegate.swift; sourceTree = "<group>"; };
		D9D97F1D2A1EA0BE001C87CD /* SceneDelegate.swift */ = {isa = PBXFileReference; lastKnownFileType = sourcecode.swift; path = SceneDelegate.swift; sourceTree = "<group>"; };
		D9D97F1F2A1EA0BE001C87CD /* ViewController.swift */ = {isa = PBXFileReference; lastKnownFileType = sourcecode.swift; path = ViewController.swift; sourceTree = "<group>"; };
		D9D97F222A1EA0BE001C87CD /* Base */ = {isa = PBXFileReference; lastKnownFileType = file.storyboard; name = Base; path = Base.lproj/Main.storyboard; sourceTree = "<group>"; };
		D9D97F252A1EA0BE001C87CD /* CoreDataTutorial.xcdatamodel */ = {isa = PBXFileReference; lastKnownFileType = wrapper.xcdatamodel; path = CoreDataTutorial.xcdatamodel; sourceTree = "<group>"; };
		D9D97F272A1EA0BF001C87CD /* Assets.xcassets */ = {isa = PBXFileReference; lastKnownFileType = folder.assetcatalog; path = Assets.xcassets; sourceTree = "<group>"; };
		D9D97F2A2A1EA0BF001C87CD /* Base */ = {isa = PBXFileReference; lastKnownFileType = file.storyboard; name = Base; path = Base.lproj/LaunchScreen.storyboard; sourceTree = "<group>"; };
		D9D97F2C2A1EA0BF001C87CD /* Info.plist */ = {isa = PBXFileReference; lastKnownFileType = text.plist.xml; path = Info.plist; sourceTree = "<group>"; };
		D9D97F312A1EA0BF001C87CD /* CoreDataTutorialTests.xctest */ = {isa = PBXFileReference; explicitFileType = wrapper.cfbundle; includeInIndex = 0; path = CoreDataTutorialTests.xctest; sourceTree = BUILT_PRODUCTS_DIR; };
		D9D97F352A1EA0BF001C87CD /* CoreDataTutorialTests.swift */ = {isa = PBXFileReference; lastKnownFileType = sourcecode.swift; path = CoreDataTutorialTests.swift; sourceTree = "<group>"; };
		D9D97F3B2A1EA0BF001C87CD /* CoreDataTutorialUITests.xctest */ = {isa = PBXFileReference; explicitFileType = wrapper.cfbundle; includeInIndex = 0; path = CoreDataTutorialUITests.xctest; sourceTree = BUILT_PRODUCTS_DIR; };
		D9D97F3F2A1EA0BF001C87CD /* CoreDataTutorialUITests.swift */ = {isa = PBXFileReference; lastKnownFileType = sourcecode.swift; path = CoreDataTutorialUITests.swift; sourceTree = "<group>"; };
		D9D97F412A1EA0BF001C87CD /* CoreDataTutorialUITestsLaunchTests.swift */ = {isa = PBXFileReference; lastKnownFileType = sourcecode.swift; path = CoreDataTutorialUITestsLaunchTests.swift; sourceTree = "<group>"; };
		D9D97F4E2A1FD297001C87CD /* ToDoListItem+CoreDataClass.swift */ = {isa = PBXFileReference; lastKnownFileType = sourcecode.swift; path = "ToDoListItem+CoreDataClass.swift"; sourceTree = "<group>"; };
		D9D97F4F2A1FD297001C87CD /* ToDoListItem+CoreDataProperties.swift */ = {isa = PBXFileReference; lastKnownFileType = sourcecode.swift; path = "ToDoListItem+CoreDataProperties.swift"; sourceTree = "<group>"; };
/* End PBXFileReference section */

/* Begin PBXFrameworksBuildPhase section */
		D9D97F152A1EA0BE001C87CD /* Frameworks */ = {
			isa = PBXFrameworksBuildPhase;
			buildActionMask = 2147483647;
			files = (
			);
			runOnlyForDeploymentPostprocessing = 0;
		};
		D9D97F2E2A1EA0BF001C87CD /* Frameworks */ = {
			isa = PBXFrameworksBuildPhase;
			buildActionMask = 2147483647;
			files = (
			);
			runOnlyForDeploymentPostprocessing = 0;
		};
		D9D97F382A1EA0BF001C87CD /* Frameworks */ = {
			isa = PBXFrameworksBuildPhase;
			buildActionMask = 2147483647;
			files = (
			);
			runOnlyForDeploymentPostprocessing = 0;
		};
/* End PBXFrameworksBuildPhase section */

/* Begin PBXGroup section */
		D9D97F0F2A1EA0BE001C87CD = {
			isa = PBXGroup;
			children = (
				D9D97F1A2A1EA0BE001C87CD /* CoreDataTutorial */,
				D9D97F342A1EA0BF001C87CD /* CoreDataTutorialTests */,
				D9D97F3E2A1EA0BF001C87CD /* CoreDataTutorialUITests */,
				D9D97F192A1EA0BE001C87CD /* Products */,
			);
			sourceTree = "<group>";
		};
		D9D97F192A1EA0BE001C87CD /* Products */ = {
			isa = PBXGroup;
			children = (
				D9D97F182A1EA0BE001C87CD /* CoreDataTutorial.app */,
				D9D97F312A1EA0BF001C87CD /* CoreDataTutorialTests.xctest */,
				D9D97F3B2A1EA0BF001C87CD /* CoreDataTutorialUITests.xctest */,
			);
			name = Products;
			sourceTree = "<group>";
		};
		D9D97F1A2A1EA0BE001C87CD /* CoreDataTutorial */ = {
			isa = PBXGroup;
			children = (
				D9D97F522A1FD2B0001C87CD /* ToDoListItem */,
				D9D97F1B2A1EA0BE001C87CD /* AppDelegate.swift */,
				D9D97F1D2A1EA0BE001C87CD /* SceneDelegate.swift */,
				D9D97F1F2A1EA0BE001C87CD /* ViewController.swift */,
				D9D97F212A1EA0BE001C87CD /* Main.storyboard */,
				D9D97F272A1EA0BF001C87CD /* Assets.xcassets */,
				D9D97F292A1EA0BF001C87CD /* LaunchScreen.storyboard */,
				D9D97F2C2A1EA0BF001C87CD /* Info.plist */,
				D9D97F242A1EA0BE001C87CD /* CoreDataTutorial.xcdatamodeld */,
			);
			path = CoreDataTutorial;
			sourceTree = "<group>";
		};
		D9D97F342A1EA0BF001C87CD /* CoreDataTutorialTests */ = {
			isa = PBXGroup;
			children = (
				D9D97F352A1EA0BF001C87CD /* CoreDataTutorialTests.swift */,
			);
			path = CoreDataTutorialTests;
			sourceTree = "<group>";
		};
		D9D97F3E2A1EA0BF001C87CD /* CoreDataTutorialUITests */ = {
			isa = PBXGroup;
			children = (
				D9D97F3F2A1EA0BF001C87CD /* CoreDataTutorialUITests.swift */,
				D9D97F412A1EA0BF001C87CD /* CoreDataTutorialUITestsLaunchTests.swift */,
			);
			path = CoreDataTutorialUITests;
			sourceTree = "<group>";
		};
		D9D97F522A1FD2B0001C87CD /* ToDoListItem */ = {
			isa = PBXGroup;
			children = (
				D9D97F4E2A1FD297001C87CD /* ToDoListItem+CoreDataClass.swift */,
				D9D97F4F2A1FD297001C87CD /* ToDoListItem+CoreDataProperties.swift */,
			);
			path = ToDoListItem;
			sourceTree = "<group>";
		};
/* End PBXGroup section */

/* Begin PBXNativeTarget section */
		D9D97F172A1EA0BE001C87CD /* CoreDataTutorial */ = {
			isa = PBXNativeTarget;
			buildConfigurationList = D9D97F452A1EA0BF001C87CD /* Build configuration list for PBXNativeTarget "CoreDataTutorial" */;
			buildPhases = (
				D9D97F142A1EA0BE001C87CD /* Sources */,
				D9D97F152A1EA0BE001C87CD /* Frameworks */,
				D9D97F162A1EA0BE001C87CD /* Resources */,
			);
			buildRules = (
			);
			dependencies = (
			);
			name = CoreDataTutorial;
			productName = CoreDataTutorial;
			productReference = D9D97F182A1EA0BE001C87CD /* CoreDataTutorial.app */;
			productType = "com.apple.product-type.application";
		};
		D9D97F302A1EA0BF001C87CD /* CoreDataTutorialTests */ = {
			isa = PBXNativeTarget;
			buildConfigurationList = D9D97F482A1EA0BF001C87CD /* Build configuration list for PBXNativeTarget "CoreDataTutorialTests" */;
			buildPhases = (
				D9D97F2D2A1EA0BF001C87CD /* Sources */,
				D9D97F2E2A1EA0BF001C87CD /* Frameworks */,
				D9D97F2F2A1EA0BF001C87CD /* Resources */,
			);
			buildRules = (
			);
			dependencies = (
				D9D97F332A1EA0BF001C87CD /* PBXTargetDependency */,
			);
			name = CoreDataTutorialTests;
			productName = CoreDataTutorialTests;
			productReference = D9D97F312A1EA0BF001C87CD /* CoreDataTutorialTests.xctest */;
			productType = "com.apple.product-type.bundle.unit-test";
		};
		D9D97F3A2A1EA0BF001C87CD /* CoreDataTutorialUITests */ = {
			isa = PBXNativeTarget;
			buildConfigurationList = D9D97F4B2A1EA0BF001C87CD /* Build configuration list for PBXNativeTarget "CoreDataTutorialUITests" */;
			buildPhases = (
				D9D97F372A1EA0BF001C87CD /* Sources */,
				D9D97F382A1EA0BF001C87CD /* Frameworks */,
				D9D97F392A1EA0BF001C87CD /* Resources */,
			);
			buildRules = (
			);
			dependencies = (
				D9D97F3D2A1EA0BF001C87CD /* PBXTargetDependency */,
			);
			name = CoreDataTutorialUITests;
			productName = CoreDataTutorialUITests;
			productReference = D9D97F3B2A1EA0BF001C87CD /* CoreDataTutorialUITests.xctest */;
			productType = "com.apple.product-type.bundle.ui-testing";
		};
/* End PBXNativeTarget section */

/* Begin PBXProject section */
		D9D97F102A1EA0BE001C87CD /* Project object */ = {
			isa = PBXProject;
			attributes = {
				BuildIndependentTargetsInParallel = 1;
				LastSwiftUpdateCheck = 1410;
				LastUpgradeCheck = 1410;
				TargetAttributes = {
					D9D97F172A1EA0BE001C87CD = {
						CreatedOnToolsVersion = 14.1;
					};
					D9D97F302A1EA0BF001C87CD = {
						CreatedOnToolsVersion = 14.1;
						TestTargetID = D9D97F172A1EA0BE001C87CD;
					};
					D9D97F3A2A1EA0BF001C87CD = {
						CreatedOnToolsVersion = 14.1;
						TestTargetID = D9D97F172A1EA0BE001C87CD;
					};
				};
			};
			buildConfigurationList = D9D97F132A1EA0BE001C87CD /* Build configuration list for PBXProject "CoreDataTutorial" */;
			compatibilityVersion = "Xcode 14.0";
			developmentRegion = en;
			hasScannedForEncodings = 0;
			knownRegions = (
				en,
				Base,
			);
			mainGroup = D9D97F0F2A1EA0BE001C87CD;
			productRefGroup = D9D97F192A1EA0BE001C87CD /* Products */;
			projectDirPath = "";
			projectRoot = "";
			targets = (
				D9D97F172A1EA0BE001C87CD /* CoreDataTutorial */,
				D9D97F302A1EA0BF001C87CD /* CoreDataTutorialTests */,
				D9D97F3A2A1EA0BF001C87CD /* CoreDataTutorialUITests */,
			);
		};
/* End PBXProject section */

/* Begin PBXResourcesBuildPhase section */
		D9D97F162A1EA0BE001C87CD /* Resources */ = {
			isa = PBXResourcesBuildPhase;
			buildActionMask = 2147483647;
			files = (
				D9D97F2B2A1EA0BF001C87CD /* LaunchScreen.storyboard in Resources */,
				D9D97F282A1EA0BF001C87CD /* Assets.xcassets in Resources */,
				D9D97F232A1EA0BE001C87CD /* Main.storyboard in Resources */,
			);
			runOnlyForDeploymentPostprocessing = 0;
		};
		D9D97F2F2A1EA0BF001C87CD /* Resources */ = {
			isa = PBXResourcesBuildPhase;
			buildActionMask = 2147483647;
			files = (
			);
			runOnlyForDeploymentPostprocessing = 0;
		};
		D9D97F392A1EA0BF001C87CD /* Resources */ = {
			isa = PBXResourcesBuildPhase;
			buildActionMask = 2147483647;
			files = (
			);
			runOnlyForDeploymentPostprocessing = 0;
		};
/* End PBXResourcesBuildPhase section */

/* Begin PBXSourcesBuildPhase section */
		D9D97F142A1EA0BE001C87CD /* Sources */ = {
			isa = PBXSourcesBuildPhase;
			buildActionMask = 2147483647;
			files = (
				D9D97F262A1EA0BE001C87CD /* CoreDataTutorial.xcdatamodeld in Sources */,
				D9D97F202A1EA0BE001C87CD /* ViewController.swift in Sources */,
				D9D97F1C2A1EA0BE001C87CD /* AppDelegate.swift in Sources */,
				D9D97F502A1FD297001C87CD /* ToDoListItem+CoreDataClass.swift in Sources */,
				D9D97F512A1FD297001C87CD /* ToDoListItem+CoreDataProperties.swift in Sources */,
				D9D97F1E2A1EA0BE001C87CD /* SceneDelegate.swift in Sources */,
			);
			runOnlyForDeploymentPostprocessing = 0;
		};
		D9D97F2D2A1EA0BF001C87CD /* Sources */ = {
			isa = PBXSourcesBuildPhase;
			buildActionMask = 2147483647;
			files = (
				D9D97F362A1EA0BF001C87CD /* CoreDataTutorialTests.swift in Sources */,
			);
			runOnlyForDeploymentPostprocessing = 0;
		};
		D9D97F372A1EA0BF001C87CD /* Sources */ = {
			isa = PBXSourcesBuildPhase;
			buildActionMask = 2147483647;
			files = (
				D9D97F402A1EA0BF001C87CD /* CoreDataTutorialUITests.swift in Sources */,
				D9D97F422A1EA0BF001C87CD /* CoreDataTutorialUITestsLaunchTests.swift in Sources */,
			);
			runOnlyForDeploymentPostprocessing = 0;
		};
/* End PBXSourcesBuildPhase section */

/* Begin PBXTargetDependency section */
		D9D97F332A1EA0BF001C87CD /* PBXTargetDependency */ = {
			isa = PBXTargetDependency;
			target = D9D97F172A1EA0BE001C87CD /* CoreDataTutorial */;
			targetProxy = D9D97F322A1EA0BF001C87CD /* PBXContainerItemProxy */;
		};
		D9D97F3D2A1EA0BF001C87CD /* PBXTargetDependency */ = {
			isa = PBXTargetDependency;
			target = D9D97F172A1EA0BE001C87CD /* CoreDataTutorial */;
			targetProxy = D9D97F3C2A1EA0BF001C87CD /* PBXContainerItemProxy */;
		};
/* End PBXTargetDependency section */

/* Begin PBXVariantGroup section */
		D9D97F212A1EA0BE001C87CD /* Main.storyboard */ = {
			isa = PBXVariantGroup;
			children = (
				D9D97F222A1EA0BE001C87CD /* Base */,
			);
			name = Main.storyboard;
			sourceTree = "<group>";
		};
		D9D97F292A1EA0BF001C87CD /* LaunchScreen.storyboard */ = {
			isa = PBXVariantGroup;
			children = (
				D9D97F2A2A1EA0BF001C87CD /* Base */,
			);
			name = LaunchScreen.storyboard;
			sourceTree = "<group>";
		};
/* End PBXVariantGroup section */

/* Begin XCBuildConfiguration section */
		D9D97F432A1EA0BF001C87CD /* Debug */ = {
			isa = XCBuildConfiguration;
			buildSettings = {
				ALWAYS_SEARCH_USER_PATHS = NO;
				CLANG_ANALYZER_NONNULL = YES;
				CLANG_ANALYZER_NUMBER_OBJECT_CONVERSION = YES_AGGRESSIVE;
				CLANG_CXX_LANGUAGE_STANDARD = "gnu++20";
				CLANG_ENABLE_MODULES = YES;
				CLANG_ENABLE_OBJC_ARC = YES;
				CLANG_ENABLE_OBJC_WEAK = YES;
				CLANG_WARN_BLOCK_CAPTURE_AUTORELEASING = YES;
				CLANG_WARN_BOOL_CONVERSION = YES;
				CLANG_WARN_COMMA = YES;
				CLANG_WARN_CONSTANT_CONVERSION = YES;
				CLANG_WARN_DEPRECATED_OBJC_IMPLEMENTATIONS = YES;
				CLANG_WARN_DIRECT_OBJC_ISA_USAGE = YES_ERROR;
				CLANG_WARN_DOCUMENTATION_COMMENTS = YES;
				CLANG_WARN_EMPTY_BODY = YES;
				CLANG_WARN_ENUM_CONVERSION = YES;
				CLANG_WARN_INFINITE_RECURSION = YES;
				CLANG_WARN_INT_CONVERSION = YES;
				CLANG_WARN_NON_LITERAL_NULL_CONVERSION = YES;
				CLANG_WARN_OBJC_IMPLICIT_RETAIN_SELF = YES;
				CLANG_WARN_OBJC_LITERAL_CONVERSION = YES;
				CLANG_WARN_OBJC_ROOT_CLASS = YES_ERROR;
				CLANG_WARN_QUOTED_INCLUDE_IN_FRAMEWORK_HEADER = YES;
				CLANG_WARN_RANGE_LOOP_ANALYSIS = YES;
				CLANG_WARN_STRICT_PROTOTYPES = YES;
				CLANG_WARN_SUSPICIOUS_MOVE = YES;
				CLANG_WARN_UNGUARDED_AVAILABILITY = YES_AGGRESSIVE;
				CLANG_WARN_UNREACHABLE_CODE = YES;
				CLANG_WARN__DUPLICATE_METHOD_MATCH = YES;
				COPY_PHASE_STRIP = NO;
				DEBUG_INFORMATION_FORMAT = dwarf;
				ENABLE_STRICT_OBJC_MSGSEND = YES;
				ENABLE_TESTABILITY = YES;
				GCC_C_LANGUAGE_STANDARD = gnu11;
				GCC_DYNAMIC_NO_PIC = NO;
				GCC_NO_COMMON_BLOCKS = YES;
				GCC_OPTIMIZATION_LEVEL = 0;
				GCC_PREPROCESSOR_DEFINITIONS = (
					"DEBUG=1",
					"$(inherited)",
				);
				GCC_WARN_64_TO_32_BIT_CONVERSION = YES;
				GCC_WARN_ABOUT_RETURN_TYPE = YES_ERROR;
				GCC_WARN_UNDECLARED_SELECTOR = YES;
				GCC_WARN_UNINITIALIZED_AUTOS = YES_AGGRESSIVE;
				GCC_WARN_UNUSED_FUNCTION = YES;
				GCC_WARN_UNUSED_VARIABLE = YES;
				IPHONEOS_DEPLOYMENT_TARGET = 16.1;
				MTL_ENABLE_DEBUG_INFO = INCLUDE_SOURCE;
				MTL_FAST_MATH = YES;
				ONLY_ACTIVE_ARCH = YES;
				SDKROOT = iphoneos;
				SWIFT_ACTIVE_COMPILATION_CONDITIONS = DEBUG;
				SWIFT_OPTIMIZATION_LEVEL = "-Onone";
			};
			name = Debug;
		};
		D9D97F442A1EA0BF001C87CD /* Release */ = {
			isa = XCBuildConfiguration;
			buildSettings = {
				ALWAYS_SEARCH_USER_PATHS = NO;
				CLANG_ANALYZER_NONNULL = YES;
				CLANG_ANALYZER_NUMBER_OBJECT_CONVERSION = YES_AGGRESSIVE;
				CLANG_CXX_LANGUAGE_STANDARD = "gnu++20";
				CLANG_ENABLE_MODULES = YES;
				CLANG_ENABLE_OBJC_ARC = YES;
				CLANG_ENABLE_OBJC_WEAK = YES;
				CLANG_WARN_BLOCK_CAPTURE_AUTORELEASING = YES;
				CLANG_WARN_BOOL_CONVERSION = YES;
				CLANG_WARN_COMMA = YES;
				CLANG_WARN_CONSTANT_CONVERSION = YES;
				CLANG_WARN_DEPRECATED_OBJC_IMPLEMENTATIONS = YES;
				CLANG_WARN_DIRECT_OBJC_ISA_USAGE = YES_ERROR;
				CLANG_WARN_DOCUMENTATION_COMMENTS = YES;
				CLANG_WARN_EMPTY_BODY = YES;
				CLANG_WARN_ENUM_CONVERSION = YES;
				CLANG_WARN_INFINITE_RECURSION = YES;
				CLANG_WARN_INT_CONVERSION = YES;
				CLANG_WARN_NON_LITERAL_NULL_CONVERSION = YES;
				CLANG_WARN_OBJC_IMPLICIT_RETAIN_SELF = YES;
				CLANG_WARN_OBJC_LITERAL_CONVERSION = YES;
				CLANG_WARN_OBJC_ROOT_CLASS = YES_ERROR;
				CLANG_WARN_QUOTED_INCLUDE_IN_FRAMEWORK_HEADER = YES;
				CLANG_WARN_RANGE_LOOP_ANALYSIS = YES;
				CLANG_WARN_STRICT_PROTOTYPES = YES;
				CLANG_WARN_SUSPICIOUS_MOVE = YES;
				CLANG_WARN_UNGUARDED_AVAILABILITY = YES_AGGRESSIVE;
				CLANG_WARN_UNREACHABLE_CODE = YES;
				CLANG_WARN__DUPLICATE_METHOD_MATCH = YES;
				COPY_PHASE_STRIP = NO;
				DEBUG_INFORMATION_FORMAT = "dwarf-with-dsym";
				ENABLE_NS_ASSERTIONS = NO;
				ENABLE_STRICT_OBJC_MSGSEND = YES;
				GCC_C_LANGUAGE_STANDARD = gnu11;
				GCC_NO_COMMON_BLOCKS = YES;
				GCC_WARN_64_TO_32_BIT_CONVERSION = YES;
				GCC_WARN_ABOUT_RETURN_TYPE = YES_ERROR;
				GCC_WARN_UNDECLARED_SELECTOR = YES;
				GCC_WARN_UNINITIALIZED_AUTOS = YES_AGGRESSIVE;
				GCC_WARN_UNUSED_FUNCTION = YES;
				GCC_WARN_UNUSED_VARIABLE = YES;
				IPHONEOS_DEPLOYMENT_TARGET = 16.1;
				MTL_ENABLE_DEBUG_INFO = NO;
				MTL_FAST_MATH = YES;
				SDKROOT = iphoneos;
				SWIFT_COMPILATION_MODE = wholemodule;
				SWIFT_OPTIMIZATION_LEVEL = "-O";
				VALIDATE_PRODUCT = YES;
			};
			name = Release;
		};
		D9D97F462A1EA0BF001C87CD /* Debug */ = {
			isa = XCBuildConfiguration;
			buildSettings = {
				ASSETCATALOG_COMPILER_APPICON_NAME = AppIcon;
				ASSETCATALOG_COMPILER_GLOBAL_ACCENT_COLOR_NAME = AccentColor;
				CODE_SIGN_STYLE = Automatic;
				CURRENT_PROJECT_VERSION = 1;
				DEVELOPMENT_TEAM = S8U5C9WC7P;
				GENERATE_INFOPLIST_FILE = YES;
				INFOPLIST_FILE = CoreDataTutorial/Info.plist;
				INFOPLIST_KEY_UIApplicationSupportsIndirectInputEvents = YES;
				INFOPLIST_KEY_UILaunchStoryboardName = LaunchScreen;
				INFOPLIST_KEY_UIMainStoryboardFile = Main;
				INFOPLIST_KEY_UISupportedInterfaceOrientations_iPad = "UIInterfaceOrientationPortrait UIInterfaceOrientationPortraitUpsideDown UIInterfaceOrientationLandscapeLeft UIInterfaceOrientationLandscapeRight";
				INFOPLIST_KEY_UISupportedInterfaceOrientations_iPhone = "UIInterfaceOrientationPortrait UIInterfaceOrientationLandscapeLeft UIInterfaceOrientationLandscapeRight";
				LD_RUNPATH_SEARCH_PATHS = (
					"$(inherited)",
					"@executable_path/Frameworks",
				);
				MARKETING_VERSION = 1.0;
				PRODUCT_BUNDLE_IDENTIFIER = com.CoreDataTutorial;
				PRODUCT_NAME = "$(TARGET_NAME)";
				SWIFT_EMIT_LOC_STRINGS = YES;
				SWIFT_VERSION = 5.0;
				TARGETED_DEVICE_FAMILY = "1,2";
			};
			name = Debug;
		};
		D9D97F472A1EA0BF001C87CD /* Release */ = {
			isa = XCBuildConfiguration;
			buildSettings = {
				ASSETCATALOG_COMPILER_APPICON_NAME = AppIcon;
				ASSETCATALOG_COMPILER_GLOBAL_ACCENT_COLOR_NAME = AccentColor;
				CODE_SIGN_STYLE = Automatic;
				CURRENT_PROJECT_VERSION = 1;
				DEVELOPMENT_TEAM = S8U5C9WC7P;
				GENERATE_INFOPLIST_FILE = YES;
				INFOPLIST_FILE = CoreDataTutorial/Info.plist;
				INFOPLIST_KEY_UIApplicationSupportsIndirectInputEvents = YES;
				INFOPLIST_KEY_UILaunchStoryboardName = LaunchScreen;
				INFOPLIST_KEY_UIMainStoryboardFile = Main;
				INFOPLIST_KEY_UISupportedInterfaceOrientations_iPad = "UIInterfaceOrientationPortrait UIInterfaceOrientationPortraitUpsideDown UIInterfaceOrientationLandscapeLeft UIInterfaceOrientationLandscapeRight";
				INFOPLIST_KEY_UISupportedInterfaceOrientations_iPhone = "UIInterfaceOrientationPortrait UIInterfaceOrientationLandscapeLeft UIInterfaceOrientationLandscapeRight";
				LD_RUNPATH_SEARCH_PATHS = (
					"$(inherited)",
					"@executable_path/Frameworks",
				);
				MARKETING_VERSION = 1.0;
				PRODUCT_BUNDLE_IDENTIFIER = com.CoreDataTutorial;
				PRODUCT_NAME = "$(TARGET_NAME)";
				SWIFT_EMIT_LOC_STRINGS = YES;
				SWIFT_VERSION = 5.0;
				TARGETED_DEVICE_FAMILY = "1,2";
			};
			name = Release;
		};
		D9D97F492A1EA0BF001C87CD /* Debug */ = {
			isa = XCBuildConfiguration;
			buildSettings = {
				ALWAYS_EMBED_SWIFT_STANDARD_LIBRARIES = YES;
				BUNDLE_LOADER = "$(TEST_HOST)";
				CODE_SIGN_STYLE = Automatic;
				CURRENT_PROJECT_VERSION = 1;
				DEVELOPMENT_TEAM = S8U5C9WC7P;
				GENERATE_INFOPLIST_FILE = YES;
				IPHONEOS_DEPLOYMENT_TARGET = 16.1;
				MARKETING_VERSION = 1.0;
				PRODUCT_BUNDLE_IDENTIFIER = com.CoreDataTutorialTests;
				PRODUCT_NAME = "$(TARGET_NAME)";
				SWIFT_EMIT_LOC_STRINGS = NO;
				SWIFT_VERSION = 5.0;
				TARGETED_DEVICE_FAMILY = "1,2";
				TEST_HOST = "$(BUILT_PRODUCTS_DIR)/CoreDataTutorial.app/$(BUNDLE_EXECUTABLE_FOLDER_PATH)/CoreDataTutorial";
			};
			name = Debug;
		};
		D9D97F4A2A1EA0BF001C87CD /* Release */ = {
			isa = XCBuildConfiguration;
			buildSettings = {
				ALWAYS_EMBED_SWIFT_STANDARD_LIBRARIES = YES;
				BUNDLE_LOADER = "$(TEST_HOST)";
				CODE_SIGN_STYLE = Automatic;
				CURRENT_PROJECT_VERSION = 1;
				DEVELOPMENT_TEAM = S8U5C9WC7P;
				GENERATE_INFOPLIST_FILE = YES;
				IPHONEOS_DEPLOYMENT_TARGET = 16.1;
				MARKETING_VERSION = 1.0;
				PRODUCT_BUNDLE_IDENTIFIER = com.CoreDataTutorialTests;
				PRODUCT_NAME = "$(TARGET_NAME)";
				SWIFT_EMIT_LOC_STRINGS = NO;
				SWIFT_VERSION = 5.0;
				TARGETED_DEVICE_FAMILY = "1,2";
				TEST_HOST = "$(BUILT_PRODUCTS_DIR)/CoreDataTutorial.app/$(BUNDLE_EXECUTABLE_FOLDER_PATH)/CoreDataTutorial";
			};
			name = Release;
		};
		D9D97F4C2A1EA0BF001C87CD /* Debug */ = {
			isa = XCBuildConfiguration;
			buildSettings = {
				ALWAYS_EMBED_SWIFT_STANDARD_LIBRARIES = YES;
				CODE_SIGN_STYLE = Automatic;
				CURRENT_PROJECT_VERSION = 1;
				DEVELOPMENT_TEAM = S8U5C9WC7P;
				GENERATE_INFOPLIST_FILE = YES;
				MARKETING_VERSION = 1.0;
				PRODUCT_BUNDLE_IDENTIFIER = com.CoreDataTutorialUITests;
				PRODUCT_NAME = "$(TARGET_NAME)";
				SWIFT_EMIT_LOC_STRINGS = NO;
				SWIFT_VERSION = 5.0;
				TARGETED_DEVICE_FAMILY = "1,2";
				TEST_TARGET_NAME = CoreDataTutorial;
			};
			name = Debug;
		};
		D9D97F4D2A1EA0BF001C87CD /* Release */ = {
			isa = XCBuildConfiguration;
			buildSettings = {
				ALWAYS_EMBED_SWIFT_STANDARD_LIBRARIES = YES;
				CODE_SIGN_STYLE = Automatic;
				CURRENT_PROJECT_VERSION = 1;
				DEVELOPMENT_TEAM = S8U5C9WC7P;
				GENERATE_INFOPLIST_FILE = YES;
				MARKETING_VERSION = 1.0;
				PRODUCT_BUNDLE_IDENTIFIER = com.CoreDataTutorialUITests;
				PRODUCT_NAME = "$(TARGET_NAME)";
				SWIFT_EMIT_LOC_STRINGS = NO;
				SWIFT_VERSION = 5.0;
				TARGETED_DEVICE_FAMILY = "1,2";
				TEST_TARGET_NAME = CoreDataTutorial;
			};
			name = Release;
		};
/* End XCBuildConfiguration section */

/* Begin XCConfigurationList section */
		D9D97F132A1EA0BE001C87CD /* Build configuration list for PBXProject "CoreDataTutorial" */ = {
			isa = XCConfigurationList;
			buildConfigurations = (
				D9D97F432A1EA0BF001C87CD /* Debug */,
				D9D97F442A1EA0BF001C87CD /* Release */,
			);
			defaultConfigurationIsVisible = 0;
			defaultConfigurationName = Release;
		};
		D9D97F452A1EA0BF001C87CD /* Build configuration list for PBXNativeTarget "CoreDataTutorial" */ = {
			isa = XCConfigurationList;
			buildConfigurations = (
				D9D97F462A1EA0BF001C87CD /* Debug */,
				D9D97F472A1EA0BF001C87CD /* Release */,
			);
			defaultConfigurationIsVisible = 0;
			defaultConfigurationName = Release;
		};
		D9D97F482A1EA0BF001C87CD /* Build configuration list for PBXNativeTarget "CoreDataTutorialTests" */ = {
			isa = XCConfigurationList;
			buildConfigurations = (
				D9D97F492A1EA0BF001C87CD /* Debug */,
				D9D97F4A2A1EA0BF001C87CD /* Release */,
			);
			defaultConfigurationIsVisible = 0;
			defaultConfigurationName = Release;
		};
		D9D97F4B2A1EA0BF001C87CD /* Build configuration list for PBXNativeTarget "CoreDataTutorialUITests" */ = {
			isa = XCConfigurationList;
			buildConfigurations = (
				D9D97F4C2A1EA0BF001C87CD /* Debug */,
				D9D97F4D2A1EA0BF001C87CD /* Release */,
			);
			defaultConfigurationIsVisible = 0;
			defaultConfigurationName = Release;
		};
/* End XCConfigurationList section */

/* Begin XCVersionGroup section */
		D9D97F242A1EA0BE001C87CD /* CoreDataTutorial.xcdatamodeld */ = {
			isa = XCVersionGroup;
			children = (
				D9D97F252A1EA0BE001C87CD /* CoreDataTutorial.xcdatamodel */,
			);
			currentVersion = D9D97F252A1EA0BE001C87CD /* CoreDataTutorial.xcdatamodel */;
			path = CoreDataTutorial.xcdatamodeld;
			sourceTree = "<group>";
			versionGroupType = wrapper.xcdatamodel;
		};
/* End XCVersionGroup section */
	};
	rootObject = D9D97F102A1EA0BE001C87CD /* Project object */;
}
